
Microsoft Visual Studio Solution File, Format Version 12.00
# Visual Studio Version 17
VisualStudioVersion = 17.10.35122.118
MinimumVisualStudioVersion = 10.0.40219.1
Project("{FAE04EC0-301F-11D3-BF4B-00C04F79EFBC}") = "BlazorOauth", "BlazorOauth.csproj", "{55640295-1442-40B4-80DD-47316CE8B12C}"
EndProject
Global
	GlobalSection(SolutionConfigurationPlatforms) = preSolution
		Debug|Any CPU = Debug|Any CPU
		Release|Any CPU = Release|Any CPU
	EndGlobalSection
	GlobalSection(ProjectConfigurationPlatforms) = postSolution
		{55640295-1442-40B4-80DD-47316CE8B12C}.Debug|Any CPU.ActiveCfg = Debug|Any CPU
		{55640295-1442-40B4-80DD-47316CE8B12C}.Debug|Any CPU.Build.0 = Debug|Any CPU
		{55640295-1442-40B4-80DD-47316CE8B12C}.Release|Any CPU.ActiveCfg = Release|Any CPU
		{55640295-1442-40B4-80DD-47316CE8B12C}.Release|Any CPU.Build.0 = Release|Any CPU
	EndGlobalSection
	GlobalSection(SolutionProperties) = preSolution
		HideSolutionNode = FALSE
	EndGlobalSection
	GlobalSection(ExtensibilityGlobals) = postSolution
		SolutionGuid = {65CA3C06-88F6-4062-ABA9-A5D571B376A7}
	EndGlobalSection
EndGlobal
